// !$*UTF8*$!
{
	archiveVersion = 1;
	classes = {
	};
	objectVersion = 56;
	objects = {

/* Begin PBXBuildFile section */
		270D97772BCD3E7A00AA8D79 /* APIKeys.swift in Sources */ = {isa = PBXBuildFile; fileRef = 270D97762BCD3E7A00AA8D79 /* APIKeys.swift */; };
		2732C7782BDA1BA5004170C6 /* PetDetailViewController.swift in Sources */ = {isa = PBXBuildFile; fileRef = 2732C7772BDA1BA5004170C6 /* PetDetailViewController.swift */; };
		2732C77A2BDA385B004170C6 /* Pets.swift in Sources */ = {isa = PBXBuildFile; fileRef = 2732C7792BDA385B004170C6 /* Pets.swift */; };
		2732C77F2BDA4CC1004170C6 /* PetDetailItem.swift in Sources */ = {isa = PBXBuildFile; fileRef = 2732C77E2BDA4CC1004170C6 /* PetDetailItem.swift */; };
		2732C7852BDA542D004170C6 /* PetDetailTableViewCell.swift in Sources */ = {isa = PBXBuildFile; fileRef = 2732C7822BDA542D004170C6 /* PetDetailTableViewCell.swift */; };
		2732C7872BDA5EA1004170C6 /* DateFormatter.swift in Sources */ = {isa = PBXBuildFile; fileRef = 2732C7862BDA5EA1004170C6 /* DateFormatter.swift */; };
		2739EA402BD241540054D455 /* CalendarViewController.swift in Sources */ = {isa = PBXBuildFile; fileRef = 2739EA3F2BD241540054D455 /* CalendarViewController.swift */; };
		2739EA432BD2424B0054D455 /* DateCell.swift in Sources */ = {isa = PBXBuildFile; fileRef = 2739EA422BD2424B0054D455 /* DateCell.swift */; };
		274A49FD2BD7A2D600DDEEBF /* RecurrenceSettingsView.swift in Sources */ = {isa = PBXBuildFile; fileRef = 274A49FC2BD7A2D600DDEEBF /* RecurrenceSettingsView.swift */; };
		274CE0D72BC8275C00277222 /* JournalViewController.swift in Sources */ = {isa = PBXBuildFile; fileRef = 274CE0D62BC8275C00277222 /* JournalViewController.swift */; };
		275CC35B2BC7BF3D0062C75C /* FirebaseAnalytics in Frameworks */ = {isa = PBXBuildFile; productRef = 275CC35A2BC7BF3D0062C75C /* FirebaseAnalytics */; };
		275CC35D2BC7BF3D0062C75C /* FirebaseFirestore in Frameworks */ = {isa = PBXBuildFile; productRef = 275CC35C2BC7BF3D0062C75C /* FirebaseFirestore */; };
		275CC35F2BC7BF3D0062C75C /* FirebaseFirestoreSwift in Frameworks */ = {isa = PBXBuildFile; productRef = 275CC35E2BC7BF3D0062C75C /* FirebaseFirestoreSwift */; };
		275CC3612BC7BF3D0062C75C /* FirebaseStorage in Frameworks */ = {isa = PBXBuildFile; productRef = 275CC3602BC7BF3D0062C75C /* FirebaseStorage */; };
		275CC3632BC7C12F0062C75C /* GoogleService-Info.plist in Resources */ = {isa = PBXBuildFile; fileRef = 275CC3622BC7C12F0062C75C /* GoogleService-Info.plist */; };
		27694EF92BD0D28200D90167 /* ChatBotViewController.swift in Sources */ = {isa = PBXBuildFile; fileRef = 27694EF82BD0D28200D90167 /* ChatBotViewController.swift */; };
		27694F4D2BD0F02F00D90167 /* ChatBotManager.swift in Sources */ = {isa = PBXBuildFile; fileRef = 27694F4C2BD0F02F00D90167 /* ChatBotManager.swift */; };
		27694F502BD0F80F00D90167 /* MessageBubbleTableViewCell.swift in Sources */ = {isa = PBXBuildFile; fileRef = 27694F4F2BD0F80F00D90167 /* MessageBubbleTableViewCell.swift */; };
		27694F532BD1232E00D90167 /* petsfaq.json in Resources */ = {isa = PBXBuildFile; fileRef = 27694F522BD1232E00D90167 /* petsfaq.json */; };
		27694F552BD124AB00D90167 /* FAQEntry.swift in Sources */ = {isa = PBXBuildFile; fileRef = 27694F542BD124AB00D90167 /* FAQEntry.swift */; };
		277092572BD670FC004F2553 /* CostChartViewController.swift in Sources */ = {isa = PBXBuildFile; fileRef = 277092562BD670FC004F2553 /* CostChartViewController.swift */; };
		277092592BD67B93004F2553 /* CostChartView.swift in Sources */ = {isa = PBXBuildFile; fileRef = 277092582BD67B93004F2553 /* CostChartView.swift */; };
		277EE07F2BE0C86A000439E4 /* ActivityCollectionViewCell.swift in Sources */ = {isa = PBXBuildFile; fileRef = 277EE07E2BE0C86A000439E4 /* ActivityCollectionViewCell.swift */; };
		277FE39B2BCD7C0400F63F6A /* OpenAIResponse.swift in Sources */ = {isa = PBXBuildFile; fileRef = 277FE39A2BCD7C0400F63F6A /* OpenAIResponse.swift */; };
		2780026F2BD0B426007AD842 /* GooglePlacesResponse.swift in Sources */ = {isa = PBXBuildFile; fileRef = 2780026E2BD0B426007AD842 /* GooglePlacesResponse.swift */; };
		2786C49B2BDF84B900481C6F /* WaitIndicatorFootPrint.swift in Sources */ = {isa = PBXBuildFile; fileRef = 2786C49A2BDF84B900481C6F /* WaitIndicatorFootPrint.swift */; };
		2786C4EA2BDF989A00481C6F /* FootPrint.json in Resources */ = {isa = PBXBuildFile; fileRef = 2786C4E92BDF989A00481C6F /* FootPrint.json */; };
		2786C4EE2BDF9D4100481C6F /* FakeDataGenerator.swift in Sources */ = {isa = PBXBuildFile; fileRef = 2786C4ED2BDF9D4100481C6F /* FakeDataGenerator.swift */; };
		2786C4F22BDFA73800481C6F /* GetSummary.json in Resources */ = {isa = PBXBuildFile; fileRef = 2786C4F12BDFA73700481C6F /* GetSummary.json */; };
		2786C4F42BDFB36000481C6F /* CustomAlertView.swift in Sources */ = {isa = PBXBuildFile; fileRef = 2786C4F32BDFB36000481C6F /* CustomAlertView.swift */; };
		278D20DB2BCF825600F80764 /* MapViewController.swift in Sources */ = {isa = PBXBuildFile; fileRef = 278D20DA2BCF825600F80764 /* MapViewController.swift */; };
		278D46552BCFCD0300C4F677 /* NewEventNotification.swift in Sources */ = {isa = PBXBuildFile; fileRef = 278D46542BCFCD0300C4F677 /* NewEventNotification.swift */; };
		27A462122BCABFAC00503F3E /* JournalingSuggestionsView.swift in Sources */ = {isa = PBXBuildFile; fileRef = 27A462112BCABFAC00503F3E /* JournalingSuggestionsView.swift */; };
		27A462142BCAC00D00503F3E /* JournalingSuggestionsModel.swift in Sources */ = {isa = PBXBuildFile; fileRef = 27A462132BCAC00D00503F3E /* JournalingSuggestionsModel.swift */; };
		27A462162BCAD83D00503F3E /* JournalPickerData.swift in Sources */ = {isa = PBXBuildFile; fileRef = 27A462152BCAD83D00503F3E /* JournalPickerData.swift */; };
		27A462192BCBE27600503F3E /* UIColorHexCode.swift in Sources */ = {isa = PBXBuildFile; fileRef = 27A462182BCBE27600503F3E /* UIColorHexCode.swift */; };
		27A4621B2BCBE89D00503F3E /* JournalHomeViewController.swift in Sources */ = {isa = PBXBuildFile; fileRef = 27A4621A2BCBE89D00503F3E /* JournalHomeViewController.swift */; };
		27A4621F2BCBEAEA00503F3E /* JournalHomeTableViewCell.xib in Resources */ = {isa = PBXBuildFile; fileRef = 27A4621E2BCBEAEA00503F3E /* JournalHomeTableViewCell.xib */; };
		27A462202BCBEAEA00503F3E /* JournalHomeTableViewCell.swift in Sources */ = {isa = PBXBuildFile; fileRef = 27A4621D2BCBEAEA00503F3E /* JournalHomeTableViewCell.swift */; };
		27A938FF2BD364E900BF4845 /* CalendarDateViewController.swift in Sources */ = {isa = PBXBuildFile; fileRef = 27A938FE2BD364E900BF4845 /* CalendarDateViewController.swift */; };
		27A939012BD3680F00BF4845 /* CalendarEvents.swift in Sources */ = {isa = PBXBuildFile; fileRef = 27A939002BD3680F00BF4845 /* CalendarEvents.swift */; };
		27A939032BD36D4B00BF4845 /* DateEventListViewController.swift in Sources */ = {isa = PBXBuildFile; fileRef = 27A939022BD36D4B00BF4845 /* DateEventListViewController.swift */; };
		27A939052BD3716300BF4845 /* CardTableViewCell.swift in Sources */ = {isa = PBXBuildFile; fileRef = 27A939042BD3716300BF4845 /* CardTableViewCell.swift */; };
		27A939072BD3AC2200BF4845 /* EventDetailViewController.swift in Sources */ = {isa = PBXBuildFile; fileRef = 27A939062BD3AC2200BF4845 /* EventDetailViewController.swift */; };
		27A9390B2BD4206E00BF4845 /* NewJournalNotification.swift in Sources */ = {isa = PBXBuildFile; fileRef = 27A9390A2BD4206E00BF4845 /* NewJournalNotification.swift */; };
		27A9390F2BD55D8B00BF4845 /* EventsManager.swift in Sources */ = {isa = PBXBuildFile; fileRef = 27A9390E2BD55D8B00BF4845 /* EventsManager.swift */; };
		27BC7D472BDCFAB5007B73BF /* MainTabBarController.swift in Sources */ = {isa = PBXBuildFile; fileRef = 27BC7D462BDCFAB5007B73BF /* MainTabBarController.swift */; };
		27F004492BCCE0A100C87472 /* JournalContent.swift in Sources */ = {isa = PBXBuildFile; fileRef = 27F004482BCCE0A100C87472 /* JournalContent.swift */; };
		27F0044C2BCD33A500C87472 /* Alamofire in Frameworks */ = {isa = PBXBuildFile; productRef = 27F0044B2BCD33A500C87472 /* Alamofire */; };
		27F0044F2BCD36E200C87472 /* TextGenerationManager.swift in Sources */ = {isa = PBXBuildFile; fileRef = 27F0044E2BCD36E200C87472 /* TextGenerationManager.swift */; };
		27F004512BCD384400C87472 /* OpenAINetworkHelper.swift in Sources */ = {isa = PBXBuildFile; fileRef = 27F004502BCD384400C87472 /* OpenAINetworkHelper.swift */; };
		27F004532BCD386600C87472 /* NetworkManager.swift in Sources */ = {isa = PBXBuildFile; fileRef = 27F004522BCD386600C87472 /* NetworkManager.swift */; };
		27F004552BCD3D5900C87472 /* API-Keys.plist in Resources */ = {isa = PBXBuildFile; fileRef = 27F004542BCD3D5900C87472 /* API-Keys.plist */; };
		27F841F62BDB5A7E0062EC4B /* FirestoreService.swift in Sources */ = {isa = PBXBuildFile; fileRef = 27F841F52BDB5A7E0062EC4B /* FirestoreService.swift */; };
		27F975942BC6B01100B2A041 /* AppDelegate.swift in Sources */ = {isa = PBXBuildFile; fileRef = 27F975932BC6B01100B2A041 /* AppDelegate.swift */; };
		27F975962BC6B01100B2A041 /* SceneDelegate.swift in Sources */ = {isa = PBXBuildFile; fileRef = 27F975952BC6B01100B2A041 /* SceneDelegate.swift */; };
		27F9759B2BC6B01100B2A041 /* Base in Resources */ = {isa = PBXBuildFile; fileRef = 27F9759A2BC6B01100B2A041 /* Base */; };
		27F9759D2BC6B01300B2A041 /* Assets.xcassets in Resources */ = {isa = PBXBuildFile; fileRef = 27F9759C2BC6B01300B2A041 /* Assets.xcassets */; };
		27F975A02BC6B01300B2A041 /* Base in Resources */ = {isa = PBXBuildFile; fileRef = 27F9759F2BC6B01300B2A041 /* Base */; };
		27F975AB2BC6B01300B2A041 /* chongAiTaTests.swift in Sources */ = {isa = PBXBuildFile; fileRef = 27F975AA2BC6B01300B2A041 /* chongAiTaTests.swift */; };
		27F975B52BC6B01300B2A041 /* chongAiTaUITests.swift in Sources */ = {isa = PBXBuildFile; fileRef = 27F975B42BC6B01300B2A041 /* chongAiTaUITests.swift */; };
		27F975B72BC6B01300B2A041 /* chongAiTaUITestsLaunchTests.swift in Sources */ = {isa = PBXBuildFile; fileRef = 27F975B62BC6B01300B2A041 /* chongAiTaUITestsLaunchTests.swift */; };
		31B11AA4BBB594B0494B8965 /* Pods_chongAiTa.framework in Frameworks */ = {isa = PBXBuildFile; fileRef = 14A74EBB65BE9EEC875C9D19 /* Pods_chongAiTa.framework */; };
		8513C8D7E3B202B5DFB8B16B /* Pods_chongAiTa_chongAiTaUITests.framework in Frameworks */ = {isa = PBXBuildFile; fileRef = CECCCE7E6A56C5FDEDBFFD2C /* Pods_chongAiTa_chongAiTaUITests.framework */; };
		D95FAD537A1B36A44F7898EF /* Pods_chongAiTaTests.framework in Frameworks */ = {isa = PBXBuildFile; fileRef = 30459DD25007C6CCFBF088A9 /* Pods_chongAiTaTests.framework */; };
/* End PBXBuildFile section */

/* Begin PBXContainerItemProxy section */
		27F975A72BC6B01300B2A041 /* PBXContainerItemProxy */ = {
			isa = PBXContainerItemProxy;
			containerPortal = 27F975882BC6B01100B2A041 /* Project object */;
			proxyType = 1;
			remoteGlobalIDString = 27F9758F2BC6B01100B2A041;
			remoteInfo = chongAiTa;
		};
		27F975B12BC6B01300B2A041 /* PBXContainerItemProxy */ = {
			isa = PBXContainerItemProxy;
			containerPortal = 27F975882BC6B01100B2A041 /* Project object */;
			proxyType = 1;
			remoteGlobalIDString = 27F9758F2BC6B01100B2A041;
			remoteInfo = chongAiTa;
		};
/* End PBXContainerItemProxy section */

/* Begin PBXFileReference section */
		14A74EBB65BE9EEC875C9D19 /* Pods_chongAiTa.framework */ = {isa = PBXFileReference; explicitFileType = wrapper.framework; includeInIndex = 0; path = Pods_chongAiTa.framework; sourceTree = BUILT_PRODUCTS_DIR; };
		270D97762BCD3E7A00AA8D79 /* APIKeys.swift */ = {isa = PBXFileReference; lastKnownFileType = sourcecode.swift; path = APIKeys.swift; sourceTree = "<group>"; };
		2732C7772BDA1BA5004170C6 /* PetDetailViewController.swift */ = {isa = PBXFileReference; lastKnownFileType = sourcecode.swift; path = PetDetailViewController.swift; sourceTree = "<group>"; };
		2732C7792BDA385B004170C6 /* Pets.swift */ = {isa = PBXFileReference; lastKnownFileType = sourcecode.swift; path = Pets.swift; sourceTree = "<group>"; };
		2732C77E2BDA4CC1004170C6 /* PetDetailItem.swift */ = {isa = PBXFileReference; lastKnownFileType = sourcecode.swift; path = PetDetailItem.swift; sourceTree = "<group>"; };
		2732C7822BDA542D004170C6 /* PetDetailTableViewCell.swift */ = {isa = PBXFileReference; lastKnownFileType = sourcecode.swift; path = PetDetailTableViewCell.swift; sourceTree = "<group>"; };
		2732C7862BDA5EA1004170C6 /* DateFormatter.swift */ = {isa = PBXFileReference; lastKnownFileType = sourcecode.swift; path = DateFormatter.swift; sourceTree = "<group>"; };
		2739EA3F2BD241540054D455 /* CalendarViewController.swift */ = {isa = PBXFileReference; lastKnownFileType = sourcecode.swift; path = CalendarViewController.swift; sourceTree = "<group>"; };
		2739EA422BD2424B0054D455 /* DateCell.swift */ = {isa = PBXFileReference; lastKnownFileType = sourcecode.swift; path = DateCell.swift; sourceTree = "<group>"; };
		274A49FC2BD7A2D600DDEEBF /* RecurrenceSettingsView.swift */ = {isa = PBXFileReference; lastKnownFileType = sourcecode.swift; path = RecurrenceSettingsView.swift; sourceTree = "<group>"; };
		274CE0D62BC8275C00277222 /* JournalViewController.swift */ = {isa = PBXFileReference; lastKnownFileType = sourcecode.swift; path = JournalViewController.swift; sourceTree = "<group>"; };
		275CC3622BC7C12F0062C75C /* GoogleService-Info.plist */ = {isa = PBXFileReference; fileEncoding = 4; lastKnownFileType = text.plist.xml; path = "GoogleService-Info.plist"; sourceTree = SOURCE_ROOT; };
		275CC3642BC7D00D0062C75C /* chongAiTa.entitlements */ = {isa = PBXFileReference; lastKnownFileType = text.plist.entitlements; path = chongAiTa.entitlements; sourceTree = "<group>"; };
		27694EF82BD0D28200D90167 /* ChatBotViewController.swift */ = {isa = PBXFileReference; lastKnownFileType = sourcecode.swift; path = ChatBotViewController.swift; sourceTree = "<group>"; };
		27694F4C2BD0F02F00D90167 /* ChatBotManager.swift */ = {isa = PBXFileReference; lastKnownFileType = sourcecode.swift; path = ChatBotManager.swift; sourceTree = "<group>"; };
		27694F4F2BD0F80F00D90167 /* MessageBubbleTableViewCell.swift */ = {isa = PBXFileReference; lastKnownFileType = sourcecode.swift; path = MessageBubbleTableViewCell.swift; sourceTree = "<group>"; };
		27694F522BD1232E00D90167 /* petsfaq.json */ = {isa = PBXFileReference; fileEncoding = 4; lastKnownFileType = text.json; path = petsfaq.json; sourceTree = "<group>"; };
		27694F542BD124AB00D90167 /* FAQEntry.swift */ = {isa = PBXFileReference; lastKnownFileType = sourcecode.swift; path = FAQEntry.swift; sourceTree = "<group>"; };
		277092562BD670FC004F2553 /* CostChartViewController.swift */ = {isa = PBXFileReference; lastKnownFileType = sourcecode.swift; path = CostChartViewController.swift; sourceTree = "<group>"; };
		277092582BD67B93004F2553 /* CostChartView.swift */ = {isa = PBXFileReference; lastKnownFileType = sourcecode.swift; path = CostChartView.swift; sourceTree = "<group>"; };
		277EE07E2BE0C86A000439E4 /* ActivityCollectionViewCell.swift */ = {isa = PBXFileReference; lastKnownFileType = sourcecode.swift; path = ActivityCollectionViewCell.swift; sourceTree = "<group>"; };
		277FE39A2BCD7C0400F63F6A /* OpenAIResponse.swift */ = {isa = PBXFileReference; lastKnownFileType = sourcecode.swift; path = OpenAIResponse.swift; sourceTree = "<group>"; };
		2780026E2BD0B426007AD842 /* GooglePlacesResponse.swift */ = {isa = PBXFileReference; lastKnownFileType = sourcecode.swift; path = GooglePlacesResponse.swift; sourceTree = "<group>"; };
		2786C49A2BDF84B900481C6F /* WaitIndicatorFootPrint.swift */ = {isa = PBXFileReference; lastKnownFileType = sourcecode.swift; path = WaitIndicatorFootPrint.swift; sourceTree = "<group>"; };
		2786C4E92BDF989A00481C6F /* FootPrint.json */ = {isa = PBXFileReference; fileEncoding = 4; lastKnownFileType = text.json; path = FootPrint.json; sourceTree = "<group>"; };
		2786C4ED2BDF9D4100481C6F /* FakeDataGenerator.swift */ = {isa = PBXFileReference; lastKnownFileType = sourcecode.swift; path = FakeDataGenerator.swift; sourceTree = "<group>"; };
		2786C4F12BDFA73700481C6F /* GetSummary.json */ = {isa = PBXFileReference; fileEncoding = 4; lastKnownFileType = text.json; path = GetSummary.json; sourceTree = "<group>"; };
		2786C4F32BDFB36000481C6F /* CustomAlertView.swift */ = {isa = PBXFileReference; lastKnownFileType = sourcecode.swift; path = CustomAlertView.swift; sourceTree = "<group>"; };
		278D20DA2BCF825600F80764 /* MapViewController.swift */ = {isa = PBXFileReference; lastKnownFileType = sourcecode.swift; path = MapViewController.swift; sourceTree = "<group>"; };
		278D46542BCFCD0300C4F677 /* NewEventNotification.swift */ = {isa = PBXFileReference; lastKnownFileType = sourcecode.swift; path = NewEventNotification.swift; sourceTree = "<group>"; };
		27A462112BCABFAC00503F3E /* JournalingSuggestionsView.swift */ = {isa = PBXFileReference; lastKnownFileType = sourcecode.swift; path = JournalingSuggestionsView.swift; sourceTree = "<group>"; };
		27A462132BCAC00D00503F3E /* JournalingSuggestionsModel.swift */ = {isa = PBXFileReference; lastKnownFileType = sourcecode.swift; path = JournalingSuggestionsModel.swift; sourceTree = "<group>"; };
		27A462152BCAD83D00503F3E /* JournalPickerData.swift */ = {isa = PBXFileReference; lastKnownFileType = sourcecode.swift; path = JournalPickerData.swift; sourceTree = "<group>"; };
		27A462182BCBE27600503F3E /* UIColorHexCode.swift */ = {isa = PBXFileReference; lastKnownFileType = sourcecode.swift; path = UIColorHexCode.swift; sourceTree = "<group>"; };
		27A4621A2BCBE89D00503F3E /* JournalHomeViewController.swift */ = {isa = PBXFileReference; lastKnownFileType = sourcecode.swift; path = JournalHomeViewController.swift; sourceTree = "<group>"; };
		27A4621D2BCBEAEA00503F3E /* JournalHomeTableViewCell.swift */ = {isa = PBXFileReference; lastKnownFileType = sourcecode.swift; path = JournalHomeTableViewCell.swift; sourceTree = "<group>"; };
		27A4621E2BCBEAEA00503F3E /* JournalHomeTableViewCell.xib */ = {isa = PBXFileReference; lastKnownFileType = file.xib; path = JournalHomeTableViewCell.xib; sourceTree = "<group>"; };
		27A938FE2BD364E900BF4845 /* CalendarDateViewController.swift */ = {isa = PBXFileReference; lastKnownFileType = sourcecode.swift; path = CalendarDateViewController.swift; sourceTree = "<group>"; };
		27A939002BD3680F00BF4845 /* CalendarEvents.swift */ = {isa = PBXFileReference; lastKnownFileType = sourcecode.swift; path = CalendarEvents.swift; sourceTree = "<group>"; };
		27A939022BD36D4B00BF4845 /* DateEventListViewController.swift */ = {isa = PBXFileReference; lastKnownFileType = sourcecode.swift; path = DateEventListViewController.swift; sourceTree = "<group>"; };
		27A939042BD3716300BF4845 /* CardTableViewCell.swift */ = {isa = PBXFileReference; lastKnownFileType = sourcecode.swift; path = CardTableViewCell.swift; sourceTree = "<group>"; };
		27A939062BD3AC2200BF4845 /* EventDetailViewController.swift */ = {isa = PBXFileReference; lastKnownFileType = sourcecode.swift; path = EventDetailViewController.swift; sourceTree = "<group>"; };
		27A9390A2BD4206E00BF4845 /* NewJournalNotification.swift */ = {isa = PBXFileReference; lastKnownFileType = sourcecode.swift; path = NewJournalNotification.swift; sourceTree = "<group>"; };
		27A9390E2BD55D8B00BF4845 /* EventsManager.swift */ = {isa = PBXFileReference; lastKnownFileType = sourcecode.swift; path = EventsManager.swift; sourceTree = "<group>"; };
		27BC7D462BDCFAB5007B73BF /* MainTabBarController.swift */ = {isa = PBXFileReference; lastKnownFileType = sourcecode.swift; path = MainTabBarController.swift; sourceTree = "<group>"; };
		27F004482BCCE0A100C87472 /* JournalContent.swift */ = {isa = PBXFileReference; lastKnownFileType = sourcecode.swift; path = JournalContent.swift; sourceTree = "<group>"; };
		27F0044E2BCD36E200C87472 /* TextGenerationManager.swift */ = {isa = PBXFileReference; lastKnownFileType = sourcecode.swift; path = TextGenerationManager.swift; sourceTree = "<group>"; };
		27F004502BCD384400C87472 /* OpenAINetworkHelper.swift */ = {isa = PBXFileReference; lastKnownFileType = sourcecode.swift; path = OpenAINetworkHelper.swift; sourceTree = "<group>"; };
		27F004522BCD386600C87472 /* NetworkManager.swift */ = {isa = PBXFileReference; lastKnownFileType = sourcecode.swift; path = NetworkManager.swift; sourceTree = "<group>"; };
		27F004542BCD3D5900C87472 /* API-Keys.plist */ = {isa = PBXFileReference; lastKnownFileType = text.plist.xml; path = "API-Keys.plist"; sourceTree = "<group>"; };
		27F841F52BDB5A7E0062EC4B /* FirestoreService.swift */ = {isa = PBXFileReference; lastKnownFileType = sourcecode.swift; path = FirestoreService.swift; sourceTree = "<group>"; };
		27F975902BC6B01100B2A041 /* chongAiTa.app */ = {isa = PBXFileReference; explicitFileType = wrapper.application; includeInIndex = 0; path = chongAiTa.app; sourceTree = BUILT_PRODUCTS_DIR; };
		27F975932BC6B01100B2A041 /* AppDelegate.swift */ = {isa = PBXFileReference; lastKnownFileType = sourcecode.swift; path = AppDelegate.swift; sourceTree = "<group>"; };
		27F975952BC6B01100B2A041 /* SceneDelegate.swift */ = {isa = PBXFileReference; lastKnownFileType = sourcecode.swift; path = SceneDelegate.swift; sourceTree = "<group>"; };
		27F9759A2BC6B01100B2A041 /* Base */ = {isa = PBXFileReference; lastKnownFileType = file.storyboard; name = Base; path = Base.lproj/Main.storyboard; sourceTree = "<group>"; };
		27F9759C2BC6B01300B2A041 /* Assets.xcassets */ = {isa = PBXFileReference; lastKnownFileType = folder.assetcatalog; path = Assets.xcassets; sourceTree = "<group>"; };
		27F9759F2BC6B01300B2A041 /* Base */ = {isa = PBXFileReference; lastKnownFileType = file.storyboard; name = Base; path = Base.lproj/LaunchScreen.storyboard; sourceTree = "<group>"; };
		27F975A12BC6B01300B2A041 /* Info.plist */ = {isa = PBXFileReference; lastKnownFileType = text.plist.xml; path = Info.plist; sourceTree = "<group>"; };
		27F975A62BC6B01300B2A041 /* chongAiTaTests.xctest */ = {isa = PBXFileReference; explicitFileType = wrapper.cfbundle; includeInIndex = 0; path = chongAiTaTests.xctest; sourceTree = BUILT_PRODUCTS_DIR; };
		27F975AA2BC6B01300B2A041 /* chongAiTaTests.swift */ = {isa = PBXFileReference; lastKnownFileType = sourcecode.swift; path = chongAiTaTests.swift; sourceTree = "<group>"; };
		27F975B02BC6B01300B2A041 /* chongAiTaUITests.xctest */ = {isa = PBXFileReference; explicitFileType = wrapper.cfbundle; includeInIndex = 0; path = chongAiTaUITests.xctest; sourceTree = BUILT_PRODUCTS_DIR; };
		27F975B42BC6B01300B2A041 /* chongAiTaUITests.swift */ = {isa = PBXFileReference; lastKnownFileType = sourcecode.swift; path = chongAiTaUITests.swift; sourceTree = "<group>"; };
		27F975B62BC6B01300B2A041 /* chongAiTaUITestsLaunchTests.swift */ = {isa = PBXFileReference; lastKnownFileType = sourcecode.swift; path = chongAiTaUITestsLaunchTests.swift; sourceTree = "<group>"; };
		29A54570C9685AC9DC432CD9 /* Pods-chongAiTa.release.xcconfig */ = {isa = PBXFileReference; includeInIndex = 1; lastKnownFileType = text.xcconfig; name = "Pods-chongAiTa.release.xcconfig"; path = "Target Support Files/Pods-chongAiTa/Pods-chongAiTa.release.xcconfig"; sourceTree = "<group>"; };
		30459DD25007C6CCFBF088A9 /* Pods_chongAiTaTests.framework */ = {isa = PBXFileReference; explicitFileType = wrapper.framework; includeInIndex = 0; path = Pods_chongAiTaTests.framework; sourceTree = BUILT_PRODUCTS_DIR; };
		350213CA50DAFD552DCCC5CA /* Pods-chongAiTa.debug.xcconfig */ = {isa = PBXFileReference; includeInIndex = 1; lastKnownFileType = text.xcconfig; name = "Pods-chongAiTa.debug.xcconfig"; path = "Target Support Files/Pods-chongAiTa/Pods-chongAiTa.debug.xcconfig"; sourceTree = "<group>"; };
		6510019D4AA69B128D063871 /* Pods-chongAiTa-chongAiTaUITests.release.xcconfig */ = {isa = PBXFileReference; includeInIndex = 1; lastKnownFileType = text.xcconfig; name = "Pods-chongAiTa-chongAiTaUITests.release.xcconfig"; path = "Target Support Files/Pods-chongAiTa-chongAiTaUITests/Pods-chongAiTa-chongAiTaUITests.release.xcconfig"; sourceTree = "<group>"; };
		9760DE4E1540E35E18920359 /* Pods-chongAiTaTests.debug.xcconfig */ = {isa = PBXFileReference; includeInIndex = 1; lastKnownFileType = text.xcconfig; name = "Pods-chongAiTaTests.debug.xcconfig"; path = "Target Support Files/Pods-chongAiTaTests/Pods-chongAiTaTests.debug.xcconfig"; sourceTree = "<group>"; };
		A992B10CE45DF4AC6BD8A9DA /* Pods-chongAiTaTests.release.xcconfig */ = {isa = PBXFileReference; includeInIndex = 1; lastKnownFileType = text.xcconfig; name = "Pods-chongAiTaTests.release.xcconfig"; path = "Target Support Files/Pods-chongAiTaTests/Pods-chongAiTaTests.release.xcconfig"; sourceTree = "<group>"; };
		B82B93BFDA101873AE3482B0 /* Pods-chongAiTa-chongAiTaUITests.debug.xcconfig */ = {isa = PBXFileReference; includeInIndex = 1; lastKnownFileType = text.xcconfig; name = "Pods-chongAiTa-chongAiTaUITests.debug.xcconfig"; path = "Target Support Files/Pods-chongAiTa-chongAiTaUITests/Pods-chongAiTa-chongAiTaUITests.debug.xcconfig"; sourceTree = "<group>"; };
		CECCCE7E6A56C5FDEDBFFD2C /* Pods_chongAiTa_chongAiTaUITests.framework */ = {isa = PBXFileReference; explicitFileType = wrapper.framework; includeInIndex = 0; path = Pods_chongAiTa_chongAiTaUITests.framework; sourceTree = BUILT_PRODUCTS_DIR; };
/* End PBXFileReference section */

/* Begin PBXFrameworksBuildPhase section */
		27F9758D2BC6B01100B2A041 /* Frameworks */ = {
			isa = PBXFrameworksBuildPhase;
			buildActionMask = 2147483647;
			files = (
				275CC35B2BC7BF3D0062C75C /* FirebaseAnalytics in Frameworks */,
				31B11AA4BBB594B0494B8965 /* Pods_chongAiTa.framework in Frameworks */,
				275CC35D2BC7BF3D0062C75C /* FirebaseFirestore in Frameworks */,
				27F0044C2BCD33A500C87472 /* Alamofire in Frameworks */,
				275CC3612BC7BF3D0062C75C /* FirebaseStorage in Frameworks */,
				275CC35F2BC7BF3D0062C75C /* FirebaseFirestoreSwift in Frameworks */,
			);
			runOnlyForDeploymentPostprocessing = 0;
		};
		27F975A32BC6B01300B2A041 /* Frameworks */ = {
			isa = PBXFrameworksBuildPhase;
			buildActionMask = 2147483647;
			files = (
				D95FAD537A1B36A44F7898EF /* Pods_chongAiTaTests.framework in Frameworks */,
			);
			runOnlyForDeploymentPostprocessing = 0;
		};
		27F975AD2BC6B01300B2A041 /* Frameworks */ = {
			isa = PBXFrameworksBuildPhase;
			buildActionMask = 2147483647;
			files = (
				8513C8D7E3B202B5DFB8B16B /* Pods_chongAiTa_chongAiTaUITests.framework in Frameworks */,
			);
			runOnlyForDeploymentPostprocessing = 0;
		};
/* End PBXFrameworksBuildPhase section */

/* Begin PBXGroup section */
		12DA8F072536B70E6E38CCE6 /* Pods */ = {
			isa = PBXGroup;
			children = (
				350213CA50DAFD552DCCC5CA /* Pods-chongAiTa.debug.xcconfig */,
				29A54570C9685AC9DC432CD9 /* Pods-chongAiTa.release.xcconfig */,
				B82B93BFDA101873AE3482B0 /* Pods-chongAiTa-chongAiTaUITests.debug.xcconfig */,
				6510019D4AA69B128D063871 /* Pods-chongAiTa-chongAiTaUITests.release.xcconfig */,
				9760DE4E1540E35E18920359 /* Pods-chongAiTaTests.debug.xcconfig */,
				A992B10CE45DF4AC6BD8A9DA /* Pods-chongAiTaTests.release.xcconfig */,
			);
			path = Pods;
			sourceTree = "<group>";
		};
		2732C77B2BDA3A52004170C6 /* PetCell */ = {
			isa = PBXGroup;
			children = (
				2732C7822BDA542D004170C6 /* PetDetailTableViewCell.swift */,
			);
			path = PetCell;
			sourceTree = "<group>";
		};
		2739EA412BD2420F0054D455 /* DateCell */ = {
			isa = PBXGroup;
			children = (
				2739EA422BD2424B0054D455 /* DateCell.swift */,
				27A939042BD3716300BF4845 /* CardTableViewCell.swift */,
				277EE07E2BE0C86A000439E4 /* ActivityCollectionViewCell.swift */,
			);
			path = DateCell;
			sourceTree = "<group>";
		};
		274CE0D82BC8276800277222 /* Model */ = {
			isa = PBXGroup;
			children = (
				27A462132BCAC00D00503F3E /* JournalingSuggestionsModel.swift */,
				27A462152BCAD83D00503F3E /* JournalPickerData.swift */,
				27F004482BCCE0A100C87472 /* JournalContent.swift */,
				277FE39A2BCD7C0400F63F6A /* OpenAIResponse.swift */,
				278D46542BCFCD0300C4F677 /* NewEventNotification.swift */,
				2780026E2BD0B426007AD842 /* GooglePlacesResponse.swift */,
				27694F542BD124AB00D90167 /* FAQEntry.swift */,
				27A939002BD3680F00BF4845 /* CalendarEvents.swift */,
				27A9390A2BD4206E00BF4845 /* NewJournalNotification.swift */,
				2732C7792BDA385B004170C6 /* Pets.swift */,
				2786C4ED2BDF9D4100481C6F /* FakeDataGenerator.swift */,
			);
			path = Model;
			sourceTree = "<group>";
		};
		274CE0D92BC8277900277222 /* View */ = {
			isa = PBXGroup;
			children = (
				2732C77B2BDA3A52004170C6 /* PetCell */,
				2739EA412BD2420F0054D455 /* DateCell */,
				27694F4E2BD0F7E500D90167 /* MessageBubbleTableViewCell */,
				27A4621C2BCBEAD200503F3E /* JournalHomeCell */,
				27F975992BC6B01100B2A041 /* Main.storyboard */,
				27F9759E2BC6B01300B2A041 /* LaunchScreen.storyboard */,
				27A462112BCABFAC00503F3E /* JournalingSuggestionsView.swift */,
				277092582BD67B93004F2553 /* CostChartView.swift */,
				274A49FC2BD7A2D600DDEEBF /* RecurrenceSettingsView.swift */,
				27BC7D462BDCFAB5007B73BF /* MainTabBarController.swift */,
				2786C4F32BDFB36000481C6F /* CustomAlertView.swift */,
			);
			path = View;
			sourceTree = "<group>";
		};
		274CE0DA2BC8277E00277222 /* Controller */ = {
			isa = PBXGroup;
			children = (
				274CE0D62BC8275C00277222 /* JournalViewController.swift */,
				27A4621A2BCBE89D00503F3E /* JournalHomeViewController.swift */,
				278D20DA2BCF825600F80764 /* MapViewController.swift */,
				27694EF82BD0D28200D90167 /* ChatBotViewController.swift */,
				2739EA3F2BD241540054D455 /* CalendarViewController.swift */,
				27A938FE2BD364E900BF4845 /* CalendarDateViewController.swift */,
				27A939022BD36D4B00BF4845 /* DateEventListViewController.swift */,
				27A939062BD3AC2200BF4845 /* EventDetailViewController.swift */,
				277092562BD670FC004F2553 /* CostChartViewController.swift */,
				2732C7772BDA1BA5004170C6 /* PetDetailViewController.swift */,
			);
			path = Controller;
			sourceTree = "<group>";
		};
		27694F4E2BD0F7E500D90167 /* MessageBubbleTableViewCell */ = {
			isa = PBXGroup;
			children = (
				27694F4F2BD0F80F00D90167 /* MessageBubbleTableViewCell.swift */,
			);
			path = MessageBubbleTableViewCell;
			sourceTree = "<group>";
		};
		27694F512BD1230200D90167 /* Resources */ = {
			isa = PBXGroup;
			children = (
				27694F522BD1232E00D90167 /* petsfaq.json */,
				2786C4E92BDF989A00481C6F /* FootPrint.json */,
				2786C4F12BDFA73700481C6F /* GetSummary.json */,
			);
			path = Resources;
			sourceTree = "<group>";
		};
		27A462172BCBE25300503F3E /* Extention */ = {
			isa = PBXGroup;
			children = (
				27A462182BCBE27600503F3E /* UIColorHexCode.swift */,
				2732C77E2BDA4CC1004170C6 /* PetDetailItem.swift */,
				2732C7862BDA5EA1004170C6 /* DateFormatter.swift */,
				2786C49A2BDF84B900481C6F /* WaitIndicatorFootPrint.swift */,
			);
			path = Extention;
			sourceTree = "<group>";
		};
		27A4621C2BCBEAD200503F3E /* JournalHomeCell */ = {
			isa = PBXGroup;
			children = (
				27A4621D2BCBEAEA00503F3E /* JournalHomeTableViewCell.swift */,
				27A4621E2BCBEAEA00503F3E /* JournalHomeTableViewCell.xib */,
			);
			path = JournalHomeCell;
			sourceTree = "<group>";
		};
		27F0044D2BCD36CD00C87472 /* Network */ = {
			isa = PBXGroup;
			children = (
				27F0044E2BCD36E200C87472 /* TextGenerationManager.swift */,
				27F004502BCD384400C87472 /* OpenAINetworkHelper.swift */,
				27F004522BCD386600C87472 /* NetworkManager.swift */,
				270D97762BCD3E7A00AA8D79 /* APIKeys.swift */,
				27694F4C2BD0F02F00D90167 /* ChatBotManager.swift */,
				27A9390E2BD55D8B00BF4845 /* EventsManager.swift */,
				27F841F52BDB5A7E0062EC4B /* FirestoreService.swift */,
			);
			path = Network;
			sourceTree = "<group>";
		};
		27F975872BC6B01100B2A041 = {
			isa = PBXGroup;
			children = (
				27F975922BC6B01100B2A041 /* chongAiTa */,
				27F975A92BC6B01300B2A041 /* chongAiTaTests */,
				27F975B32BC6B01300B2A041 /* chongAiTaUITests */,
				27F975912BC6B01100B2A041 /* Products */,
				12DA8F072536B70E6E38CCE6 /* Pods */,
				5F99B7E00C8664F0DF0D1A3B /* Frameworks */,
			);
			sourceTree = "<group>";
		};
		27F975912BC6B01100B2A041 /* Products */ = {
			isa = PBXGroup;
			children = (
				27F975902BC6B01100B2A041 /* chongAiTa.app */,
				27F975A62BC6B01300B2A041 /* chongAiTaTests.xctest */,
				27F975B02BC6B01300B2A041 /* chongAiTaUITests.xctest */,
			);
			name = Products;
			sourceTree = "<group>";
		};
		27F975922BC6B01100B2A041 /* chongAiTa */ = {
			isa = PBXGroup;
			children = (
				27694F512BD1230200D90167 /* Resources */,
				27F0044D2BCD36CD00C87472 /* Network */,
				27A462172BCBE25300503F3E /* Extention */,
				274CE0DA2BC8277E00277222 /* Controller */,
				274CE0D92BC8277900277222 /* View */,
				274CE0D82BC8276800277222 /* Model */,
				275CC3642BC7D00D0062C75C /* chongAiTa.entitlements */,
				27F975932BC6B01100B2A041 /* AppDelegate.swift */,
				27F975952BC6B01100B2A041 /* SceneDelegate.swift */,
				27F9759C2BC6B01300B2A041 /* Assets.xcassets */,
				27F004542BCD3D5900C87472 /* API-Keys.plist */,
				27F975A12BC6B01300B2A041 /* Info.plist */,
				275CC3622BC7C12F0062C75C /* GoogleService-Info.plist */,
			);
			path = chongAiTa;
			sourceTree = "<group>";
		};
		27F975A92BC6B01300B2A041 /* chongAiTaTests */ = {
			isa = PBXGroup;
			children = (
				27F975AA2BC6B01300B2A041 /* chongAiTaTests.swift */,
			);
			path = chongAiTaTests;
			sourceTree = "<group>";
		};
		27F975B32BC6B01300B2A041 /* chongAiTaUITests */ = {
			isa = PBXGroup;
			children = (
				27F975B42BC6B01300B2A041 /* chongAiTaUITests.swift */,
				27F975B62BC6B01300B2A041 /* chongAiTaUITestsLaunchTests.swift */,
			);
			path = chongAiTaUITests;
			sourceTree = "<group>";
		};
		5F99B7E00C8664F0DF0D1A3B /* Frameworks */ = {
			isa = PBXGroup;
			children = (
				14A74EBB65BE9EEC875C9D19 /* Pods_chongAiTa.framework */,
				CECCCE7E6A56C5FDEDBFFD2C /* Pods_chongAiTa_chongAiTaUITests.framework */,
				30459DD25007C6CCFBF088A9 /* Pods_chongAiTaTests.framework */,
			);
			name = Frameworks;
			sourceTree = "<group>";
		};
/* End PBXGroup section */

/* Begin PBXNativeTarget section */
		27F9758F2BC6B01100B2A041 /* chongAiTa */ = {
			isa = PBXNativeTarget;
			buildConfigurationList = 27F975BA2BC6B01300B2A041 /* Build configuration list for PBXNativeTarget "chongAiTa" */;
			buildPhases = (
				ACA1FDAB4ABFBDFB7B322DA7 /* [CP] Check Pods Manifest.lock */,
				27F9758C2BC6B01100B2A041 /* Sources */,
				27F9758D2BC6B01100B2A041 /* Frameworks */,
				27F9758E2BC6B01100B2A041 /* Resources */,
				6ACEA9D4EDE9564215F2B1E3 /* [CP] Embed Pods Frameworks */,
				0D805CF432E2EEB8E3170A40 /* [CP] Copy Pods Resources */,
			);
			buildRules = (
			);
			dependencies = (
			);
			name = chongAiTa;
			packageProductDependencies = (
				275CC35A2BC7BF3D0062C75C /* FirebaseAnalytics */,
				275CC35C2BC7BF3D0062C75C /* FirebaseFirestore */,
				275CC35E2BC7BF3D0062C75C /* FirebaseFirestoreSwift */,
				275CC3602BC7BF3D0062C75C /* FirebaseStorage */,
				27F0044B2BCD33A500C87472 /* Alamofire */,
			);
			productName = chongAiTa;
			productReference = 27F975902BC6B01100B2A041 /* chongAiTa.app */;
			productType = "com.apple.product-type.application";
		};
		27F975A52BC6B01300B2A041 /* chongAiTaTests */ = {
			isa = PBXNativeTarget;
			buildConfigurationList = 27F975BD2BC6B01300B2A041 /* Build configuration list for PBXNativeTarget "chongAiTaTests" */;
			buildPhases = (
				BD13DB5B19E13806B0BBCA48 /* [CP] Check Pods Manifest.lock */,
				27F975A22BC6B01300B2A041 /* Sources */,
				27F975A32BC6B01300B2A041 /* Frameworks */,
				27F975A42BC6B01300B2A041 /* Resources */,
			);
			buildRules = (
			);
			dependencies = (
				27F975A82BC6B01300B2A041 /* PBXTargetDependency */,
			);
			name = chongAiTaTests;
			productName = chongAiTaTests;
			productReference = 27F975A62BC6B01300B2A041 /* chongAiTaTests.xctest */;
			productType = "com.apple.product-type.bundle.unit-test";
		};
		27F975AF2BC6B01300B2A041 /* chongAiTaUITests */ = {
			isa = PBXNativeTarget;
			buildConfigurationList = 27F975C02BC6B01300B2A041 /* Build configuration list for PBXNativeTarget "chongAiTaUITests" */;
			buildPhases = (
				7E58406D3B6657B0D9BA1DE4 /* [CP] Check Pods Manifest.lock */,
				27F975AC2BC6B01300B2A041 /* Sources */,
				27F975AD2BC6B01300B2A041 /* Frameworks */,
				27F975AE2BC6B01300B2A041 /* Resources */,
				B1FEBB49767F6D9A40A1A281 /* [CP] Embed Pods Frameworks */,
				A09AC036E72196E9D63239E3 /* [CP] Copy Pods Resources */,
			);
			buildRules = (
			);
			dependencies = (
				27F975B22BC6B01300B2A041 /* PBXTargetDependency */,
			);
			name = chongAiTaUITests;
			productName = chongAiTaUITests;
			productReference = 27F975B02BC6B01300B2A041 /* chongAiTaUITests.xctest */;
			productType = "com.apple.product-type.bundle.ui-testing";
		};
/* End PBXNativeTarget section */

/* Begin PBXProject section */
		27F975882BC6B01100B2A041 /* Project object */ = {
			isa = PBXProject;
			attributes = {
				BuildIndependentTargetsInParallel = 1;
				LastSwiftUpdateCheck = 1530;
				LastUpgradeCheck = 1530;
				TargetAttributes = {
					27F9758F2BC6B01100B2A041 = {
						CreatedOnToolsVersion = 15.3;
					};
					27F975A52BC6B01300B2A041 = {
						CreatedOnToolsVersion = 15.3;
						TestTargetID = 27F9758F2BC6B01100B2A041;
					};
					27F975AF2BC6B01300B2A041 = {
						CreatedOnToolsVersion = 15.3;
						TestTargetID = 27F9758F2BC6B01100B2A041;
					};
				};
			};
			buildConfigurationList = 27F9758B2BC6B01100B2A041 /* Build configuration list for PBXProject "chongAiTa" */;
			compatibilityVersion = "Xcode 14.0";
			developmentRegion = en;
			hasScannedForEncodings = 0;
			knownRegions = (
				en,
				Base,
			);
			mainGroup = 27F975872BC6B01100B2A041;
			packageReferences = (
				275CC3592BC7BF3D0062C75C /* XCRemoteSwiftPackageReference "firebase-ios-sdk" */,
				27F0044A2BCD33A500C87472 /* XCRemoteSwiftPackageReference "Alamofire" */,
			);
			productRefGroup = 27F975912BC6B01100B2A041 /* Products */;
			projectDirPath = "";
			projectRoot = "";
			targets = (
				27F9758F2BC6B01100B2A041 /* chongAiTa */,
				27F975A52BC6B01300B2A041 /* chongAiTaTests */,
				27F975AF2BC6B01300B2A041 /* chongAiTaUITests */,
			);
		};
/* End PBXProject section */

/* Begin PBXResourcesBuildPhase section */
		27F9758E2BC6B01100B2A041 /* Resources */ = {
			isa = PBXResourcesBuildPhase;
			buildActionMask = 2147483647;
			files = (
				27694F532BD1232E00D90167 /* petsfaq.json in Resources */,
				27F9759D2BC6B01300B2A041 /* Assets.xcassets in Resources */,
				27F004552BCD3D5900C87472 /* API-Keys.plist in Resources */,
				275CC3632BC7C12F0062C75C /* GoogleService-Info.plist in Resources */,
				27A4621F2BCBEAEA00503F3E /* JournalHomeTableViewCell.xib in Resources */,
				27F975A02BC6B01300B2A041 /* Base in Resources */,
				27F9759B2BC6B01100B2A041 /* Base in Resources */,
				2786C4EA2BDF989A00481C6F /* FootPrint.json in Resources */,
				2786C4F22BDFA73800481C6F /* GetSummary.json in Resources */,
			);
			runOnlyForDeploymentPostprocessing = 0;
		};
		27F975A42BC6B01300B2A041 /* Resources */ = {
			isa = PBXResourcesBuildPhase;
			buildActionMask = 2147483647;
			files = (
			);
			runOnlyForDeploymentPostprocessing = 0;
		};
		27F975AE2BC6B01300B2A041 /* Resources */ = {
			isa = PBXResourcesBuildPhase;
			buildActionMask = 2147483647;
			files = (
			);
			runOnlyForDeploymentPostprocessing = 0;
		};
/* End PBXResourcesBuildPhase section */

/* Begin PBXShellScriptBuildPhase section */
		0D805CF432E2EEB8E3170A40 /* [CP] Copy Pods Resources */ = {
			isa = PBXShellScriptBuildPhase;
			buildActionMask = 2147483647;
			files = (
			);
			inputFileListPaths = (
				"${PODS_ROOT}/Target Support Files/Pods-chongAiTa/Pods-chongAiTa-resources-${CONFIGURATION}-input-files.xcfilelist",
			);
			name = "[CP] Copy Pods Resources";
			outputFileListPaths = (
				"${PODS_ROOT}/Target Support Files/Pods-chongAiTa/Pods-chongAiTa-resources-${CONFIGURATION}-output-files.xcfilelist",
			);
			runOnlyForDeploymentPostprocessing = 0;
			shellPath = /bin/sh;
			shellScript = "\"${PODS_ROOT}/Target Support Files/Pods-chongAiTa/Pods-chongAiTa-resources.sh\"\n";
			showEnvVarsInLog = 0;
		};
		6ACEA9D4EDE9564215F2B1E3 /* [CP] Embed Pods Frameworks */ = {
			isa = PBXShellScriptBuildPhase;
			buildActionMask = 2147483647;
			files = (
			);
			inputFileListPaths = (
				"${PODS_ROOT}/Target Support Files/Pods-chongAiTa/Pods-chongAiTa-frameworks-${CONFIGURATION}-input-files.xcfilelist",
			);
			name = "[CP] Embed Pods Frameworks";
			outputFileListPaths = (
				"${PODS_ROOT}/Target Support Files/Pods-chongAiTa/Pods-chongAiTa-frameworks-${CONFIGURATION}-output-files.xcfilelist",
			);
			runOnlyForDeploymentPostprocessing = 0;
			shellPath = /bin/sh;
			shellScript = "\"${PODS_ROOT}/Target Support Files/Pods-chongAiTa/Pods-chongAiTa-frameworks.sh\"\n";
			showEnvVarsInLog = 0;
		};
		7E58406D3B6657B0D9BA1DE4 /* [CP] Check Pods Manifest.lock */ = {
			isa = PBXShellScriptBuildPhase;
			buildActionMask = 2147483647;
			files = (
			);
			inputFileListPaths = (
			);
			inputPaths = (
				"${PODS_PODFILE_DIR_PATH}/Podfile.lock",
				"${PODS_ROOT}/Manifest.lock",
			);
			name = "[CP] Check Pods Manifest.lock";
			outputFileListPaths = (
			);
			outputPaths = (
				"$(DERIVED_FILE_DIR)/Pods-chongAiTa-chongAiTaUITests-checkManifestLockResult.txt",
			);
			runOnlyForDeploymentPostprocessing = 0;
			shellPath = /bin/sh;
			shellScript = "diff \"${PODS_PODFILE_DIR_PATH}/Podfile.lock\" \"${PODS_ROOT}/Manifest.lock\" > /dev/null\nif [ $? != 0 ] ; then\n    # print error to STDERR\n    echo \"error: The sandbox is not in sync with the Podfile.lock. Run 'pod install' or update your CocoaPods installation.\" >&2\n    exit 1\nfi\n# This output is used by Xcode 'outputs' to avoid re-running this script phase.\necho \"SUCCESS\" > \"${SCRIPT_OUTPUT_FILE_0}\"\n";
			showEnvVarsInLog = 0;
		};
		A09AC036E72196E9D63239E3 /* [CP] Copy Pods Resources */ = {
			isa = PBXShellScriptBuildPhase;
			buildActionMask = 2147483647;
			files = (
			);
			inputFileListPaths = (
				"${PODS_ROOT}/Target Support Files/Pods-chongAiTa-chongAiTaUITests/Pods-chongAiTa-chongAiTaUITests-resources-${CONFIGURATION}-input-files.xcfilelist",
			);
			name = "[CP] Copy Pods Resources";
			outputFileListPaths = (
				"${PODS_ROOT}/Target Support Files/Pods-chongAiTa-chongAiTaUITests/Pods-chongAiTa-chongAiTaUITests-resources-${CONFIGURATION}-output-files.xcfilelist",
			);
			runOnlyForDeploymentPostprocessing = 0;
			shellPath = /bin/sh;
			shellScript = "\"${PODS_ROOT}/Target Support Files/Pods-chongAiTa-chongAiTaUITests/Pods-chongAiTa-chongAiTaUITests-resources.sh\"\n";
			showEnvVarsInLog = 0;
		};
		ACA1FDAB4ABFBDFB7B322DA7 /* [CP] Check Pods Manifest.lock */ = {
			isa = PBXShellScriptBuildPhase;
			buildActionMask = 2147483647;
			files = (
			);
			inputFileListPaths = (
			);
			inputPaths = (
				"${PODS_PODFILE_DIR_PATH}/Podfile.lock",
				"${PODS_ROOT}/Manifest.lock",
			);
			name = "[CP] Check Pods Manifest.lock";
			outputFileListPaths = (
			);
			outputPaths = (
				"$(DERIVED_FILE_DIR)/Pods-chongAiTa-checkManifestLockResult.txt",
			);
			runOnlyForDeploymentPostprocessing = 0;
			shellPath = /bin/sh;
			shellScript = "diff \"${PODS_PODFILE_DIR_PATH}/Podfile.lock\" \"${PODS_ROOT}/Manifest.lock\" > /dev/null\nif [ $? != 0 ] ; then\n    # print error to STDERR\n    echo \"error: The sandbox is not in sync with the Podfile.lock. Run 'pod install' or update your CocoaPods installation.\" >&2\n    exit 1\nfi\n# This output is used by Xcode 'outputs' to avoid re-running this script phase.\necho \"SUCCESS\" > \"${SCRIPT_OUTPUT_FILE_0}\"\n";
			showEnvVarsInLog = 0;
		};
		B1FEBB49767F6D9A40A1A281 /* [CP] Embed Pods Frameworks */ = {
			isa = PBXShellScriptBuildPhase;
			buildActionMask = 2147483647;
			files = (
			);
			inputFileListPaths = (
				"${PODS_ROOT}/Target Support Files/Pods-chongAiTa-chongAiTaUITests/Pods-chongAiTa-chongAiTaUITests-frameworks-${CONFIGURATION}-input-files.xcfilelist",
			);
			name = "[CP] Embed Pods Frameworks";
			outputFileListPaths = (
				"${PODS_ROOT}/Target Support Files/Pods-chongAiTa-chongAiTaUITests/Pods-chongAiTa-chongAiTaUITests-frameworks-${CONFIGURATION}-output-files.xcfilelist",
			);
			runOnlyForDeploymentPostprocessing = 0;
			shellPath = /bin/sh;
			shellScript = "\"${PODS_ROOT}/Target Support Files/Pods-chongAiTa-chongAiTaUITests/Pods-chongAiTa-chongAiTaUITests-frameworks.sh\"\n";
			showEnvVarsInLog = 0;
		};
		BD13DB5B19E13806B0BBCA48 /* [CP] Check Pods Manifest.lock */ = {
			isa = PBXShellScriptBuildPhase;
			buildActionMask = 2147483647;
			files = (
			);
			inputFileListPaths = (
			);
			inputPaths = (
				"${PODS_PODFILE_DIR_PATH}/Podfile.lock",
				"${PODS_ROOT}/Manifest.lock",
			);
			name = "[CP] Check Pods Manifest.lock";
			outputFileListPaths = (
			);
			outputPaths = (
				"$(DERIVED_FILE_DIR)/Pods-chongAiTaTests-checkManifestLockResult.txt",
			);
			runOnlyForDeploymentPostprocessing = 0;
			shellPath = /bin/sh;
			shellScript = "diff \"${PODS_PODFILE_DIR_PATH}/Podfile.lock\" \"${PODS_ROOT}/Manifest.lock\" > /dev/null\nif [ $? != 0 ] ; then\n    # print error to STDERR\n    echo \"error: The sandbox is not in sync with the Podfile.lock. Run 'pod install' or update your CocoaPods installation.\" >&2\n    exit 1\nfi\n# This output is used by Xcode 'outputs' to avoid re-running this script phase.\necho \"SUCCESS\" > \"${SCRIPT_OUTPUT_FILE_0}\"\n";
			showEnvVarsInLog = 0;
		};
/* End PBXShellScriptBuildPhase section */

/* Begin PBXSourcesBuildPhase section */
		27F9758C2BC6B01100B2A041 /* Sources */ = {
			isa = PBXSourcesBuildPhase;
			buildActionMask = 2147483647;
			files = (
				278D46552BCFCD0300C4F677 /* NewEventNotification.swift in Sources */,
				27A939032BD36D4B00BF4845 /* DateEventListViewController.swift in Sources */,
				2786C4F42BDFB36000481C6F /* CustomAlertView.swift in Sources */,
				277092572BD670FC004F2553 /* CostChartViewController.swift in Sources */,
				277FE39B2BCD7C0400F63F6A /* OpenAIResponse.swift in Sources */,
				27A462142BCAC00D00503F3E /* JournalingSuggestionsModel.swift in Sources */,
				27A462162BCAD83D00503F3E /* JournalPickerData.swift in Sources */,
				2739EA402BD241540054D455 /* CalendarViewController.swift in Sources */,
				270D97772BCD3E7A00AA8D79 /* APIKeys.swift in Sources */,
				27A9390F2BD55D8B00BF4845 /* EventsManager.swift in Sources */,
				274CE0D72BC8275C00277222 /* JournalViewController.swift in Sources */,
				2739EA432BD2424B0054D455 /* DateCell.swift in Sources */,
				27F004532BCD386600C87472 /* NetworkManager.swift in Sources */,
				27A462192BCBE27600503F3E /* UIColorHexCode.swift in Sources */,
				27A462202BCBEAEA00503F3E /* JournalHomeTableViewCell.swift in Sources */,
				27A9390B2BD4206E00BF4845 /* NewJournalNotification.swift in Sources */,
				2780026F2BD0B426007AD842 /* GooglePlacesResponse.swift in Sources */,
				27A939012BD3680F00BF4845 /* CalendarEvents.swift in Sources */,
				27F0044F2BCD36E200C87472 /* TextGenerationManager.swift in Sources */,
				27F004512BCD384400C87472 /* OpenAINetworkHelper.swift in Sources */,
				27F975942BC6B01100B2A041 /* AppDelegate.swift in Sources */,
				2786C49B2BDF84B900481C6F /* WaitIndicatorFootPrint.swift in Sources */,
				2786C4EE2BDF9D4100481C6F /* FakeDataGenerator.swift in Sources */,
				27694EF92BD0D28200D90167 /* ChatBotViewController.swift in Sources */,
				27F841F62BDB5A7E0062EC4B /* FirestoreService.swift in Sources */,
				2732C77A2BDA385B004170C6 /* Pets.swift in Sources */,
				2732C7782BDA1BA5004170C6 /* PetDetailViewController.swift in Sources */,
				274A49FD2BD7A2D600DDEEBF /* RecurrenceSettingsView.swift in Sources */,
				27A4621B2BCBE89D00503F3E /* JournalHomeViewController.swift in Sources */,
				27694F4D2BD0F02F00D90167 /* ChatBotManager.swift in Sources */,
				27A462122BCABFAC00503F3E /* JournalingSuggestionsView.swift in Sources */,
				27694F552BD124AB00D90167 /* FAQEntry.swift in Sources */,
				2732C7852BDA542D004170C6 /* PetDetailTableViewCell.swift in Sources */,
				277092592BD67B93004F2553 /* CostChartView.swift in Sources */,
				27BC7D472BDCFAB5007B73BF /* MainTabBarController.swift in Sources */,
				277EE07F2BE0C86A000439E4 /* ActivityCollectionViewCell.swift in Sources */,
				2732C7872BDA5EA1004170C6 /* DateFormatter.swift in Sources */,
				27A939072BD3AC2200BF4845 /* EventDetailViewController.swift in Sources */,
				27F975962BC6B01100B2A041 /* SceneDelegate.swift in Sources */,
				27694F502BD0F80F00D90167 /* MessageBubbleTableViewCell.swift in Sources */,
				27F004492BCCE0A100C87472 /* JournalContent.swift in Sources */,
				278D20DB2BCF825600F80764 /* MapViewController.swift in Sources */,
				2732C77F2BDA4CC1004170C6 /* PetDetailItem.swift in Sources */,
				27A938FF2BD364E900BF4845 /* CalendarDateViewController.swift in Sources */,
				27A939052BD3716300BF4845 /* CardTableViewCell.swift in Sources */,
			);
			runOnlyForDeploymentPostprocessing = 0;
		};
		27F975A22BC6B01300B2A041 /* Sources */ = {
			isa = PBXSourcesBuildPhase;
			buildActionMask = 2147483647;
			files = (
				27F975AB2BC6B01300B2A041 /* chongAiTaTests.swift in Sources */,
			);
			runOnlyForDeploymentPostprocessing = 0;
		};
		27F975AC2BC6B01300B2A041 /* Sources */ = {
			isa = PBXSourcesBuildPhase;
			buildActionMask = 2147483647;
			files = (
				27F975B52BC6B01300B2A041 /* chongAiTaUITests.swift in Sources */,
				27F975B72BC6B01300B2A041 /* chongAiTaUITestsLaunchTests.swift in Sources */,
			);
			runOnlyForDeploymentPostprocessing = 0;
		};
/* End PBXSourcesBuildPhase section */

/* Begin PBXTargetDependency section */
		27F975A82BC6B01300B2A041 /* PBXTargetDependency */ = {
			isa = PBXTargetDependency;
			target = 27F9758F2BC6B01100B2A041 /* chongAiTa */;
			targetProxy = 27F975A72BC6B01300B2A041 /* PBXContainerItemProxy */;
		};
		27F975B22BC6B01300B2A041 /* PBXTargetDependency */ = {
			isa = PBXTargetDependency;
			target = 27F9758F2BC6B01100B2A041 /* chongAiTa */;
			targetProxy = 27F975B12BC6B01300B2A041 /* PBXContainerItemProxy */;
		};
/* End PBXTargetDependency section */

/* Begin PBXVariantGroup section */
		27F975992BC6B01100B2A041 /* Main.storyboard */ = {
			isa = PBXVariantGroup;
			children = (
				27F9759A2BC6B01100B2A041 /* Base */,
			);
			name = Main.storyboard;
			sourceTree = "<group>";
		};
		27F9759E2BC6B01300B2A041 /* LaunchScreen.storyboard */ = {
			isa = PBXVariantGroup;
			children = (
				27F9759F2BC6B01300B2A041 /* Base */,
			);
			name = LaunchScreen.storyboard;
			sourceTree = "<group>";
		};
/* End PBXVariantGroup section */

/* Begin XCBuildConfiguration section */
		27F975B82BC6B01300B2A041 /* Debug */ = {
			isa = XCBuildConfiguration;
			buildSettings = {
				ALWAYS_SEARCH_USER_PATHS = NO;
				ASSETCATALOG_COMPILER_GENERATE_SWIFT_ASSET_SYMBOL_EXTENSIONS = YES;
				CLANG_ANALYZER_NONNULL = YES;
				CLANG_ANALYZER_NUMBER_OBJECT_CONVERSION = YES_AGGRESSIVE;
				CLANG_CXX_LANGUAGE_STANDARD = "gnu++20";
				CLANG_ENABLE_MODULES = YES;
				CLANG_ENABLE_OBJC_ARC = YES;
				CLANG_ENABLE_OBJC_WEAK = YES;
				CLANG_WARN_BLOCK_CAPTURE_AUTORELEASING = YES;
				CLANG_WARN_BOOL_CONVERSION = YES;
				CLANG_WARN_COMMA = YES;
				CLANG_WARN_CONSTANT_CONVERSION = YES;
				CLANG_WARN_DEPRECATED_OBJC_IMPLEMENTATIONS = YES;
				CLANG_WARN_DIRECT_OBJC_ISA_USAGE = YES_ERROR;
				CLANG_WARN_DOCUMENTATION_COMMENTS = YES;
				CLANG_WARN_EMPTY_BODY = YES;
				CLANG_WARN_ENUM_CONVERSION = YES;
				CLANG_WARN_INFINITE_RECURSION = YES;
				CLANG_WARN_INT_CONVERSION = YES;
				CLANG_WARN_NON_LITERAL_NULL_CONVERSION = YES;
				CLANG_WARN_OBJC_IMPLICIT_RETAIN_SELF = YES;
				CLANG_WARN_OBJC_LITERAL_CONVERSION = YES;
				CLANG_WARN_OBJC_ROOT_CLASS = YES_ERROR;
				CLANG_WARN_QUOTED_INCLUDE_IN_FRAMEWORK_HEADER = YES;
				CLANG_WARN_RANGE_LOOP_ANALYSIS = YES;
				CLANG_WARN_STRICT_PROTOTYPES = YES;
				CLANG_WARN_SUSPICIOUS_MOVE = YES;
				CLANG_WARN_UNGUARDED_AVAILABILITY = YES_AGGRESSIVE;
				CLANG_WARN_UNREACHABLE_CODE = YES;
				CLANG_WARN__DUPLICATE_METHOD_MATCH = YES;
				COPY_PHASE_STRIP = NO;
				DEBUG_INFORMATION_FORMAT = dwarf;
				ENABLE_STRICT_OBJC_MSGSEND = YES;
				ENABLE_TESTABILITY = YES;
				ENABLE_USER_SCRIPT_SANDBOXING = NO;
				GCC_C_LANGUAGE_STANDARD = gnu17;
				GCC_DYNAMIC_NO_PIC = NO;
				GCC_NO_COMMON_BLOCKS = YES;
				GCC_OPTIMIZATION_LEVEL = 0;
				GCC_PREPROCESSOR_DEFINITIONS = (
					"DEBUG=1",
					"$(inherited)",
				);
				GCC_WARN_64_TO_32_BIT_CONVERSION = YES;
				GCC_WARN_ABOUT_RETURN_TYPE = YES_ERROR;
				GCC_WARN_UNDECLARED_SELECTOR = YES;
				GCC_WARN_UNINITIALIZED_AUTOS = YES_AGGRESSIVE;
				GCC_WARN_UNUSED_FUNCTION = YES;
				GCC_WARN_UNUSED_VARIABLE = YES;
				IPHONEOS_DEPLOYMENT_TARGET = 17.2;
				LOCALIZATION_PREFERS_STRING_CATALOGS = YES;
				MTL_ENABLE_DEBUG_INFO = INCLUDE_SOURCE;
				MTL_FAST_MATH = YES;
				ONLY_ACTIVE_ARCH = YES;
				SDKROOT = iphoneos;
				SWIFT_ACTIVE_COMPILATION_CONDITIONS = "DEBUG $(inherited)";
				SWIFT_OPTIMIZATION_LEVEL = "-Onone";
			};
			name = Debug;
		};
		27F975B92BC6B01300B2A041 /* Release */ = {
			isa = XCBuildConfiguration;
			buildSettings = {
				ALWAYS_SEARCH_USER_PATHS = NO;
				ASSETCATALOG_COMPILER_GENERATE_SWIFT_ASSET_SYMBOL_EXTENSIONS = YES;
				CLANG_ANALYZER_NONNULL = YES;
				CLANG_ANALYZER_NUMBER_OBJECT_CONVERSION = YES_AGGRESSIVE;
				CLANG_CXX_LANGUAGE_STANDARD = "gnu++20";
				CLANG_ENABLE_MODULES = YES;
				CLANG_ENABLE_OBJC_ARC = YES;
				CLANG_ENABLE_OBJC_WEAK = YES;
				CLANG_WARN_BLOCK_CAPTURE_AUTORELEASING = YES;
				CLANG_WARN_BOOL_CONVERSION = YES;
				CLANG_WARN_COMMA = YES;
				CLANG_WARN_CONSTANT_CONVERSION = YES;
				CLANG_WARN_DEPRECATED_OBJC_IMPLEMENTATIONS = YES;
				CLANG_WARN_DIRECT_OBJC_ISA_USAGE = YES_ERROR;
				CLANG_WARN_DOCUMENTATION_COMMENTS = YES;
				CLANG_WARN_EMPTY_BODY = YES;
				CLANG_WARN_ENUM_CONVERSION = YES;
				CLANG_WARN_INFINITE_RECURSION = YES;
				CLANG_WARN_INT_CONVERSION = YES;
				CLANG_WARN_NON_LITERAL_NULL_CONVERSION = YES;
				CLANG_WARN_OBJC_IMPLICIT_RETAIN_SELF = YES;
				CLANG_WARN_OBJC_LITERAL_CONVERSION = YES;
				CLANG_WARN_OBJC_ROOT_CLASS = YES_ERROR;
				CLANG_WARN_QUOTED_INCLUDE_IN_FRAMEWORK_HEADER = YES;
				CLANG_WARN_RANGE_LOOP_ANALYSIS = YES;
				CLANG_WARN_STRICT_PROTOTYPES = YES;
				CLANG_WARN_SUSPICIOUS_MOVE = YES;
				CLANG_WARN_UNGUARDED_AVAILABILITY = YES_AGGRESSIVE;
				CLANG_WARN_UNREACHABLE_CODE = YES;
				CLANG_WARN__DUPLICATE_METHOD_MATCH = YES;
				COPY_PHASE_STRIP = NO;
				DEBUG_INFORMATION_FORMAT = "dwarf-with-dsym";
				ENABLE_NS_ASSERTIONS = NO;
				ENABLE_STRICT_OBJC_MSGSEND = YES;
				ENABLE_USER_SCRIPT_SANDBOXING = NO;
				GCC_C_LANGUAGE_STANDARD = gnu17;
				GCC_NO_COMMON_BLOCKS = YES;
				GCC_WARN_64_TO_32_BIT_CONVERSION = YES;
				GCC_WARN_ABOUT_RETURN_TYPE = YES_ERROR;
				GCC_WARN_UNDECLARED_SELECTOR = YES;
				GCC_WARN_UNINITIALIZED_AUTOS = YES_AGGRESSIVE;
				GCC_WARN_UNUSED_FUNCTION = YES;
				GCC_WARN_UNUSED_VARIABLE = YES;
				IPHONEOS_DEPLOYMENT_TARGET = 17.2;
				LOCALIZATION_PREFERS_STRING_CATALOGS = YES;
				MTL_ENABLE_DEBUG_INFO = NO;
				MTL_FAST_MATH = YES;
				SDKROOT = iphoneos;
				SWIFT_COMPILATION_MODE = wholemodule;
				VALIDATE_PRODUCT = YES;
			};
			name = Release;
		};
		27F975BB2BC6B01300B2A041 /* Debug */ = {
			isa = XCBuildConfiguration;
			baseConfigurationReference = 350213CA50DAFD552DCCC5CA /* Pods-chongAiTa.debug.xcconfig */;
			buildSettings = {
				ASSETCATALOG_COMPILER_APPICON_NAME = AppIcon;
				ASSETCATALOG_COMPILER_GLOBAL_ACCENT_COLOR_NAME = AccentColor;
				CODE_SIGN_ENTITLEMENTS = chongAiTa/chongAiTa.entitlements;
				CODE_SIGN_STYLE = Automatic;
				CURRENT_PROJECT_VERSION = 1;
				DEVELOPMENT_TEAM = K4Y56753AN;
				GENERATE_INFOPLIST_FILE = YES;
				INFOPLIST_FILE = chongAiTa/Info.plist;
				INFOPLIST_KEY_NSCameraUsageDescription = "請開啟相機權限，讓您拍攝照片加入日記";
				INFOPLIST_KEY_NSLocationAlwaysAndWhenInUseUsageDescription = "請開啟位置權限，讓您瀏覽附近動物醫院";
				INFOPLIST_KEY_NSLocationWhenInUseUsageDescription = "請開啟位置權限，用來定位您的位置";
				INFOPLIST_KEY_NSPhotoLibraryUsageDescription = "請開啟相簿權限，讓您選擇照片加入日記";
				INFOPLIST_KEY_UIApplicationSupportsIndirectInputEvents = YES;
				INFOPLIST_KEY_UILaunchStoryboardName = LaunchScreen;
				INFOPLIST_KEY_UIMainStoryboardFile = Main;
				INFOPLIST_KEY_UIStatusBarStyle = UIStatusBarStyleLightContent;
				INFOPLIST_KEY_UISupportedInterfaceOrientations_iPad = "UIInterfaceOrientationPortrait UIInterfaceOrientationPortraitUpsideDown UIInterfaceOrientationLandscapeLeft UIInterfaceOrientationLandscapeRight";
				INFOPLIST_KEY_UISupportedInterfaceOrientations_iPhone = "UIInterfaceOrientationPortrait UIInterfaceOrientationLandscapeLeft UIInterfaceOrientationLandscapeRight";
				IPHONEOS_DEPLOYMENT_TARGET = 17.2;
				LD_RUNPATH_SEARCH_PATHS = (
					"$(inherited)",
					"@executable_path/Frameworks",
				);
				MARKETING_VERSION = 1.0;
				PRODUCT_BUNDLE_IDENTIFIER = com.kylelu.chongAiTa;
				PRODUCT_NAME = "$(TARGET_NAME)";
				SWIFT_EMIT_LOC_STRINGS = YES;
				SWIFT_VERSION = 5.0;
				TARGETED_DEVICE_FAMILY = "1,2";
			};
			name = Debug;
		};
		27F975BC2BC6B01300B2A041 /* Release */ = {
			isa = XCBuildConfiguration;
			baseConfigurationReference = 29A54570C9685AC9DC432CD9 /* Pods-chongAiTa.release.xcconfig */;
			buildSettings = {
				ASSETCATALOG_COMPILER_APPICON_NAME = AppIcon;
				ASSETCATALOG_COMPILER_GLOBAL_ACCENT_COLOR_NAME = AccentColor;
				CODE_SIGN_ENTITLEMENTS = chongAiTa/chongAiTa.entitlements;
				CODE_SIGN_STYLE = Automatic;
				CURRENT_PROJECT_VERSION = 1;
				DEVELOPMENT_TEAM = K4Y56753AN;
				GENERATE_INFOPLIST_FILE = YES;
				INFOPLIST_FILE = chongAiTa/Info.plist;
				INFOPLIST_KEY_NSCameraUsageDescription = "請開啟相機權限，讓您拍攝照片加入日記";
				INFOPLIST_KEY_NSLocationAlwaysAndWhenInUseUsageDescription = "請開啟位置權限，讓您瀏覽附近動物醫院";
				INFOPLIST_KEY_NSLocationWhenInUseUsageDescription = "請開啟位置權限，用來定位您的位置";
				INFOPLIST_KEY_NSPhotoLibraryUsageDescription = "請開啟相簿權限，讓您選擇照片加入日記";
				INFOPLIST_KEY_UIApplicationSupportsIndirectInputEvents = YES;
				INFOPLIST_KEY_UILaunchStoryboardName = LaunchScreen;
				INFOPLIST_KEY_UIMainStoryboardFile = Main;
				INFOPLIST_KEY_UIStatusBarStyle = UIStatusBarStyleLightContent;
				INFOPLIST_KEY_UISupportedInterfaceOrientations_iPad = "UIInterfaceOrientationPortrait UIInterfaceOrientationPortraitUpsideDown UIInterfaceOrientationLandscapeLeft UIInterfaceOrientationLandscapeRight";
				INFOPLIST_KEY_UISupportedInterfaceOrientations_iPhone = "UIInterfaceOrientationPortrait UIInterfaceOrientationLandscapeLeft UIInterfaceOrientationLandscapeRight";
				IPHONEOS_DEPLOYMENT_TARGET = 17.2;
				LD_RUNPATH_SEARCH_PATHS = (
					"$(inherited)",
					"@executable_path/Frameworks",
				);
				MARKETING_VERSION = 1.0;
				PRODUCT_BUNDLE_IDENTIFIER = com.kylelu.chongAiTa;
				PRODUCT_NAME = "$(TARGET_NAME)";
				SWIFT_EMIT_LOC_STRINGS = YES;
				SWIFT_VERSION = 5.0;
				TARGETED_DEVICE_FAMILY = "1,2";
			};
			name = Release;
		};
		27F975BE2BC6B01300B2A041 /* Debug */ = {
			isa = XCBuildConfiguration;
			baseConfigurationReference = 9760DE4E1540E35E18920359 /* Pods-chongAiTaTests.debug.xcconfig */;
			buildSettings = {
				ALWAYS_EMBED_SWIFT_STANDARD_LIBRARIES = YES;
				BUNDLE_LOADER = "$(TEST_HOST)";
				CODE_SIGN_STYLE = Automatic;
				CURRENT_PROJECT_VERSION = 1;
				DEVELOPMENT_TEAM = K4Y56753AN;
				GENERATE_INFOPLIST_FILE = YES;
				IPHONEOS_DEPLOYMENT_TARGET = 17.4;
				MARKETING_VERSION = 1.0;
				PRODUCT_BUNDLE_IDENTIFIER = com.kylelu.chongAiTaTests;
				PRODUCT_NAME = "$(TARGET_NAME)";
				SWIFT_EMIT_LOC_STRINGS = NO;
				SWIFT_VERSION = 5.0;
				TARGETED_DEVICE_FAMILY = "1,2";
				TEST_HOST = "$(BUILT_PRODUCTS_DIR)/chongAiTa.app/$(BUNDLE_EXECUTABLE_FOLDER_PATH)/chongAiTa";
			};
			name = Debug;
		};
		27F975BF2BC6B01300B2A041 /* Release */ = {
			isa = XCBuildConfiguration;
			baseConfigurationReference = A992B10CE45DF4AC6BD8A9DA /* Pods-chongAiTaTests.release.xcconfig */;
			buildSettings = {
				ALWAYS_EMBED_SWIFT_STANDARD_LIBRARIES = YES;
				BUNDLE_LOADER = "$(TEST_HOST)";
				CODE_SIGN_STYLE = Automatic;
				CURRENT_PROJECT_VERSION = 1;
				DEVELOPMENT_TEAM = K4Y56753AN;
				GENERATE_INFOPLIST_FILE = YES;
				IPHONEOS_DEPLOYMENT_TARGET = 17.4;
				MARKETING_VERSION = 1.0;
				PRODUCT_BUNDLE_IDENTIFIER = com.kylelu.chongAiTaTests;
				PRODUCT_NAME = "$(TARGET_NAME)";
				SWIFT_EMIT_LOC_STRINGS = NO;
				SWIFT_VERSION = 5.0;
				TARGETED_DEVICE_FAMILY = "1,2";
				TEST_HOST = "$(BUILT_PRODUCTS_DIR)/chongAiTa.app/$(BUNDLE_EXECUTABLE_FOLDER_PATH)/chongAiTa";
			};
			name = Release;
		};
		27F975C12BC6B01300B2A041 /* Debug */ = {
			isa = XCBuildConfiguration;
			baseConfigurationReference = B82B93BFDA101873AE3482B0 /* Pods-chongAiTa-chongAiTaUITests.debug.xcconfig */;
			buildSettings = {
				ALWAYS_EMBED_SWIFT_STANDARD_LIBRARIES = YES;
				CODE_SIGN_STYLE = Automatic;
				CURRENT_PROJECT_VERSION = 1;
				DEVELOPMENT_TEAM = K4Y56753AN;
				GENERATE_INFOPLIST_FILE = YES;
				MARKETING_VERSION = 1.0;
				PRODUCT_BUNDLE_IDENTIFIER = com.kylelu.chongAiTaUITests;
				PRODUCT_NAME = "$(TARGET_NAME)";
				SWIFT_EMIT_LOC_STRINGS = NO;
				SWIFT_VERSION = 5.0;
				TARGETED_DEVICE_FAMILY = "1,2";
				TEST_TARGET_NAME = chongAiTa;
			};
			name = Debug;
		};
		27F975C22BC6B01300B2A041 /* Release */ = {
			isa = XCBuildConfiguration;
			baseConfigurationReference = 6510019D4AA69B128D063871 /* Pods-chongAiTa-chongAiTaUITests.release.xcconfig */;
			buildSettings = {
				ALWAYS_EMBED_SWIFT_STANDARD_LIBRARIES = YES;
				CODE_SIGN_STYLE = Automatic;
				CURRENT_PROJECT_VERSION = 1;
				DEVELOPMENT_TEAM = K4Y56753AN;
				GENERATE_INFOPLIST_FILE = YES;
				MARKETING_VERSION = 1.0;
				PRODUCT_BUNDLE_IDENTIFIER = com.kylelu.chongAiTaUITests;
				PRODUCT_NAME = "$(TARGET_NAME)";
				SWIFT_EMIT_LOC_STRINGS = NO;
				SWIFT_VERSION = 5.0;
				TARGETED_DEVICE_FAMILY = "1,2";
				TEST_TARGET_NAME = chongAiTa;
			};
			name = Release;
		};
/* End XCBuildConfiguration section */

/* Begin XCConfigurationList section */
		27F9758B2BC6B01100B2A041 /* Build configuration list for PBXProject "chongAiTa" */ = {
			isa = XCConfigurationList;
			buildConfigurations = (
				27F975B82BC6B01300B2A041 /* Debug */,
				27F975B92BC6B01300B2A041 /* Release */,
			);
			defaultConfigurationIsVisible = 0;
			defaultConfigurationName = Release;
		};
		27F975BA2BC6B01300B2A041 /* Build configuration list for PBXNativeTarget "chongAiTa" */ = {
			isa = XCConfigurationList;
			buildConfigurations = (
				27F975BB2BC6B01300B2A041 /* Debug */,
				27F975BC2BC6B01300B2A041 /* Release */,
			);
			defaultConfigurationIsVisible = 0;
			defaultConfigurationName = Release;
		};
		27F975BD2BC6B01300B2A041 /* Build configuration list for PBXNativeTarget "chongAiTaTests" */ = {
			isa = XCConfigurationList;
			buildConfigurations = (
				27F975BE2BC6B01300B2A041 /* Debug */,
				27F975BF2BC6B01300B2A041 /* Release */,
			);
			defaultConfigurationIsVisible = 0;
			defaultConfigurationName = Release;
		};
		27F975C02BC6B01300B2A041 /* Build configuration list for PBXNativeTarget "chongAiTaUITests" */ = {
			isa = XCConfigurationList;
			buildConfigurations = (
				27F975C12BC6B01300B2A041 /* Debug */,
				27F975C22BC6B01300B2A041 /* Release */,
			);
			defaultConfigurationIsVisible = 0;
			defaultConfigurationName = Release;
		};
/* End XCConfigurationList section */

/* Begin XCRemoteSwiftPackageReference section */
		275CC3592BC7BF3D0062C75C /* XCRemoteSwiftPackageReference "firebase-ios-sdk" */ = {
			isa = XCRemoteSwiftPackageReference;
			repositoryURL = "https://github.com/firebase/firebase-ios-sdk";
			requirement = {
				kind = upToNextMajorVersion;
				minimumVersion = 10.24.0;
			};
		};
		27F0044A2BCD33A500C87472 /* XCRemoteSwiftPackageReference "Alamofire" */ = {
			isa = XCRemoteSwiftPackageReference;
			repositoryURL = "https://github.com/Alamofire/Alamofire.git";
			requirement = {
				kind = upToNextMajorVersion;
				minimumVersion = 5.9.0;
			};
		};
/* End XCRemoteSwiftPackageReference section */

/* Begin XCSwiftPackageProductDependency section */
		275CC35A2BC7BF3D0062C75C /* FirebaseAnalytics */ = {
			isa = XCSwiftPackageProductDependency;
			package = 275CC3592BC7BF3D0062C75C /* XCRemoteSwiftPackageReference "firebase-ios-sdk" */;
			productName = FirebaseAnalytics;
		};
		275CC35C2BC7BF3D0062C75C /* FirebaseFirestore */ = {
			isa = XCSwiftPackageProductDependency;
			package = 275CC3592BC7BF3D0062C75C /* XCRemoteSwiftPackageReference "firebase-ios-sdk" */;
			productName = FirebaseFirestore;
		};
		275CC35E2BC7BF3D0062C75C /* FirebaseFirestoreSwift */ = {
			isa = XCSwiftPackageProductDependency;
			package = 275CC3592BC7BF3D0062C75C /* XCRemoteSwiftPackageReference "firebase-ios-sdk" */;
			productName = FirebaseFirestoreSwift;
		};
		275CC3602BC7BF3D0062C75C /* FirebaseStorage */ = {
			isa = XCSwiftPackageProductDependency;
			package = 275CC3592BC7BF3D0062C75C /* XCRemoteSwiftPackageReference "firebase-ios-sdk" */;
			productName = FirebaseStorage;
		};
		27F0044B2BCD33A500C87472 /* Alamofire */ = {
			isa = XCSwiftPackageProductDependency;
			package = 27F0044A2BCD33A500C87472 /* XCRemoteSwiftPackageReference "Alamofire" */;
			productName = Alamofire;
		};
/* End XCSwiftPackageProductDependency section */
	};
	rootObject = 27F975882BC6B01100B2A041 /* Project object */;
}
